
Microsoft Visual Studio Solution File, Format Version 12.00
# Visual Studio Version 16
VisualStudioVersion = 16.0.30330.147
MinimumVisualStudioVersion = 10.0.40219.1
Project("{888888A0-9F3D-457C-B088-3A5042F75D52}") = "Calculator", "Calculator\Calculator.pyproj", "{70F3E505-1FAF-4EE1-A0AE-A68A9A636771}"
EndProject
Global
	GlobalSection(SolutionConfigurationPlatforms) = preSolution
		Debug|Any CPU = Debug|Any CPU
		Release|Any CPU = Release|Any CPU
	EndGlobalSection
	GlobalSection(ProjectConfigurationPlatforms) = postSolution
		{70F3E505-1FAF-4EE1-A0AE-A68A9A636771}.Debug|Any CPU.ActiveCfg = Debug|Any CPU
		{70F3E505-1FAF-4EE1-A0AE-A68A9A636771}.Release|Any CPU.ActiveCfg = Release|Any CPU
	EndGlobalSection
	GlobalSection(SolutionProperties) = preSolution
		HideSolutionNode = FALSE
	EndGlobalSection
	GlobalSection(ExtensibilityGlobals) = postSolution
		SolutionGuid = {AC697A94-E00E-4AF0-8284-452F6C4FB495}
	EndGlobalSection
EndGlobal
